# This file is autogenerated, do not edit; changes may be undone by the next 'dep ensure'.


[[projects]]
  name = "github.com/pkg/errors"
  packages = ["."]
  revision = "645ef00459ed84a119197bfb8d8205042c6df63d"
  version = "v0.8.0"

[solve-meta]
  analyzer-name = "dep"
  analyzer-version = 1
  inputs-digest = "050d673fb61172bf3055110b0fa227e0d442462be224afd21c3ae22b6a60d3c5"
  solver-name = "gps-cdcl"
  solver-version = 1
